// !$*UTF8*$!
{
	archiveVersion = 1;
	classes = {
	};
	objectVersion = 46;
	objects = {

/* Begin PBXBuildFile section */
		3B4407731D41B2AD009205BE /* ViewController.swift in Sources */ = {isa = PBXBuildFile; fileRef = 3B4407721D41B2AD009205BE /* ViewController.swift */; };
		3B454D7F1D3F1C8500F13BF4 /* AppDelegate.swift in Sources */ = {isa = PBXBuildFile; fileRef = 3B454D7E1D3F1C8500F13BF4 /* AppDelegate.swift */; };
		3B454D841D3F1C8500F13BF4 /* Main.storyboard in Resources */ = {isa = PBXBuildFile; fileRef = 3B454D821D3F1C8500F13BF4 /* Main.storyboard */; };
		3B454D891D3F1C8500F13BF4 /* LaunchScreen.storyboard in Resources */ = {isa = PBXBuildFile; fileRef = 3B454D871D3F1C8500F13BF4 /* LaunchScreen.storyboard */; };
		3B454D911D3F1E4A00F13BF4 /* HomeViewController.swift in Sources */ = {isa = PBXBuildFile; fileRef = 3B454D901D3F1E4A00F13BF4 /* HomeViewController.swift */; };
		3B454D931D3FDDF900F13BF4 /* TimeClient.swift in Sources */ = {isa = PBXBuildFile; fileRef = 3B454D921D3FDDF900F13BF4 /* TimeClient.swift */; };
		3B5C1FD81D442C0F002064D9 /* LogInViewController.swift in Sources */ = {isa = PBXBuildFile; fileRef = 3B5C1FD71D442C0F002064D9 /* LogInViewController.swift */; };
		3BC6319D1D49C88B00DE5623 /* Assets.xcassets in Resources */ = {isa = PBXBuildFile; fileRef = 3BC6319C1D49C88B00DE5623 /* Assets.xcassets */; };
		3BD861CF1D47E2270003B763 /* Session.swift in Sources */ = {isa = PBXBuildFile; fileRef = 3BD861CE1D47E2270003B763 /* Session.swift */; };
		6E46B42B4035F132F9306D33 /* Pods_timeApp_iOS.framework in Frameworks */ = {isa = PBXBuildFile; fileRef = 1DF060CFC04230ABD6DE4EDC /* Pods_timeApp_iOS.framework */; };
/* End PBXBuildFile section */

/* Begin PBXFileReference section */
		082965A789F0C4689B273555 /* Pods-timeApp-iOS.release.xcconfig */ = {isa = PBXFileReference; includeInIndex = 1; lastKnownFileType = text.xcconfig; name = "Pods-timeApp-iOS.release.xcconfig"; path = "Pods/Target Support Files/Pods-timeApp-iOS/Pods-timeApp-iOS.release.xcconfig"; sourceTree = "<group>"; };
		1DF060CFC04230ABD6DE4EDC /* Pods_timeApp_iOS.framework */ = {isa = PBXFileReference; explicitFileType = wrapper.framework; includeInIndex = 0; path = Pods_timeApp_iOS.framework; sourceTree = BUILT_PRODUCTS_DIR; };
		3B4407721D41B2AD009205BE /* ViewController.swift */ = {isa = PBXFileReference; fileEncoding = 4; lastKnownFileType = sourcecode.swift; path = ViewController.swift; sourceTree = "<group>"; };
		3B454D7B1D3F1C8500F13BF4 /* timeApp-iOS.app */ = {isa = PBXFileReference; explicitFileType = wrapper.application; includeInIndex = 0; path = "timeApp-iOS.app"; sourceTree = BUILT_PRODUCTS_DIR; };
		3B454D7E1D3F1C8500F13BF4 /* AppDelegate.swift */ = {isa = PBXFileReference; lastKnownFileType = sourcecode.swift; path = AppDelegate.swift; sourceTree = "<group>"; };
		3B454D831D3F1C8500F13BF4 /* Base */ = {isa = PBXFileReference; lastKnownFileType = file.storyboard; name = Base; path = Base.lproj/Main.storyboard; sourceTree = "<group>"; };
		3B454D881D3F1C8500F13BF4 /* Base */ = {isa = PBXFileReference; lastKnownFileType = file.storyboard; name = Base; path = Base.lproj/LaunchScreen.storyboard; sourceTree = "<group>"; };
		3B454D8A1D3F1C8500F13BF4 /* Info.plist */ = {isa = PBXFileReference; lastKnownFileType = text.plist.xml; path = Info.plist; sourceTree = "<group>"; };
		3B454D901D3F1E4A00F13BF4 /* HomeViewController.swift */ = {isa = PBXFileReference; fileEncoding = 4; lastKnownFileType = sourcecode.swift; path = HomeViewController.swift; sourceTree = "<group>"; };
		3B454D921D3FDDF900F13BF4 /* TimeClient.swift */ = {isa = PBXFileReference; fileEncoding = 4; lastKnownFileType = sourcecode.swift; path = TimeClient.swift; sourceTree = "<group>"; };
		3B5C1FD71D442C0F002064D9 /* LogInViewController.swift */ = {isa = PBXFileReference; fileEncoding = 4; lastKnownFileType = sourcecode.swift; path = LogInViewController.swift; sourceTree = "<group>"; };
		3BC6319C1D49C88B00DE5623 /* Assets.xcassets */ = {isa = PBXFileReference; lastKnownFileType = folder.assetcatalog; path = Assets.xcassets; sourceTree = "<group>"; };
		3BD861CE1D47E2270003B763 /* Session.swift */ = {isa = PBXFileReference; fileEncoding = 4; lastKnownFileType = sourcecode.swift; path = Session.swift; sourceTree = "<group>"; };
		6401581F28F7D9D51E97AD97 /* Pods-timeApp-iOS.debug.xcconfig */ = {isa = PBXFileReference; includeInIndex = 1; lastKnownFileType = text.xcconfig; name = "Pods-timeApp-iOS.debug.xcconfig"; path = "Pods/Target Support Files/Pods-timeApp-iOS/Pods-timeApp-iOS.debug.xcconfig"; sourceTree = "<group>"; };
/* End PBXFileReference section */

/* Begin PBXFrameworksBuildPhase section */
		3B454D781D3F1C8500F13BF4 /* Frameworks */ = {
			isa = PBXFrameworksBuildPhase;
			buildActionMask = 2147483647;
			files = (
				6E46B42B4035F132F9306D33 /* Pods_timeApp_iOS.framework in Frameworks */,
			);
			runOnlyForDeploymentPostprocessing = 0;
		};
/* End PBXFrameworksBuildPhase section */

/* Begin PBXGroup section */
		3B454D721D3F1C8500F13BF4 = {
			isa = PBXGroup;
			children = (
				3B454D7D1D3F1C8500F13BF4 /* timeApp-iOS */,
				3B454D7C1D3F1C8500F13BF4 /* Products */,
				D489AFFAC51C13F52450C475 /* Pods */,
				A0AC48DB39BDC5EA74B3971D /* Frameworks */,
			);
			sourceTree = "<group>";
		};
		3B454D7C1D3F1C8500F13BF4 /* Products */ = {
			isa = PBXGroup;
			children = (
				3B454D7B1D3F1C8500F13BF4 /* timeApp-iOS.app */,
			);
			name = Products;
			sourceTree = "<group>";
		};
		3B454D7D1D3F1C8500F13BF4 /* timeApp-iOS */ = {
			isa = PBXGroup;
			children = (
				3BD861CD1D47E2120003B763 /* Model */,
				3B454D7E1D3F1C8500F13BF4 /* AppDelegate.swift */,
				3B454D821D3F1C8500F13BF4 /* Main.storyboard */,
				3B454D871D3F1C8500F13BF4 /* LaunchScreen.storyboard */,
				3B454D8A1D3F1C8500F13BF4 /* Info.plist */,
				3B454D901D3F1E4A00F13BF4 /* HomeViewController.swift */,
				3B454D921D3FDDF900F13BF4 /* TimeClient.swift */,
				3B4407721D41B2AD009205BE /* ViewController.swift */,
				3B5C1FD71D442C0F002064D9 /* LogInViewController.swift */,
				3BC6319C1D49C88B00DE5623 /* Assets.xcassets */,
			);
			path = "timeApp-iOS";
			sourceTree = "<group>";
		};
		3BD861CD1D47E2120003B763 /* Model */ = {
			isa = PBXGroup;
			children = (
				3BD861CE1D47E2270003B763 /* Session.swift */,
			);
			name = Model;
			sourceTree = "<group>";
		};
		A0AC48DB39BDC5EA74B3971D /* Frameworks */ = {
			isa = PBXGroup;
			children = (
				1DF060CFC04230ABD6DE4EDC /* Pods_timeApp_iOS.framework */,
			);
			name = Frameworks;
			sourceTree = "<group>";
		};
		D489AFFAC51C13F52450C475 /* Pods */ = {
			isa = PBXGroup;
			children = (
				6401581F28F7D9D51E97AD97 /* Pods-timeApp-iOS.debug.xcconfig */,
				082965A789F0C4689B273555 /* Pods-timeApp-iOS.release.xcconfig */,
			);
			name = Pods;
			sourceTree = "<group>";
		};
/* End PBXGroup section */

/* Begin PBXNativeTarget section */
		3B454D7A1D3F1C8500F13BF4 /* timeApp-iOS */ = {
			isa = PBXNativeTarget;
			buildConfigurationList = 3B454D8D1D3F1C8500F13BF4 /* Build configuration list for PBXNativeTarget "timeApp-iOS" */;
			buildPhases = (
				A5C4CB0645A0FABAE60F6A3B /* [CP] Check Pods Manifest.lock */,
				3B454D771D3F1C8500F13BF4 /* Sources */,
				3B454D781D3F1C8500F13BF4 /* Frameworks */,
				3B454D791D3F1C8500F13BF4 /* Resources */,
				A12C18B1CEC1F591E501B9A0 /* [CP] Embed Pods Frameworks */,
				56ABCD7E5B90D90A8F635CCC /* [CP] Copy Pods Resources */,
			);
			buildRules = (
			);
			dependencies = (
			);
			name = "timeApp-iOS";
			productName = "timeApp-iOS";
			productReference = 3B454D7B1D3F1C8500F13BF4 /* timeApp-iOS.app */;
			productType = "com.apple.product-type.application";
		};
/* End PBXNativeTarget section */

/* Begin PBXProject section */
		3B454D731D3F1C8500F13BF4 /* Project object */ = {
			isa = PBXProject;
			attributes = {
				LastSwiftUpdateCheck = 0730;
				LastUpgradeCheck = 0730;
				ORGANIZATIONNAME = kanic;
				TargetAttributes = {
					3B454D7A1D3F1C8500F13BF4 = {
						CreatedOnToolsVersion = 7.3.1;
						DevelopmentTeam = 872LGY9L56;
					};
				};
			};
			buildConfigurationList = 3B454D761D3F1C8500F13BF4 /* Build configuration list for PBXProject "timeApp-iOS" */;
			compatibilityVersion = "Xcode 3.2";
			developmentRegion = English;
			hasScannedForEncodings = 0;
			knownRegions = (
				en,
				Base,
			);
			mainGroup = 3B454D721D3F1C8500F13BF4;
			productRefGroup = 3B454D7C1D3F1C8500F13BF4 /* Products */;
			projectDirPath = "";
			projectRoot = "";
			targets = (
				3B454D7A1D3F1C8500F13BF4 /* timeApp-iOS */,
			);
		};
/* End PBXProject section */

/* Begin PBXResourcesBuildPhase section */
		3B454D791D3F1C8500F13BF4 /* Resources */ = {
			isa = PBXResourcesBuildPhase;
			buildActionMask = 2147483647;
			files = (
				3B454D891D3F1C8500F13BF4 /* LaunchScreen.storyboard in Resources */,
				3BC6319D1D49C88B00DE5623 /* Assets.xcassets in Resources */,
				3B454D841D3F1C8500F13BF4 /* Main.storyboard in Resources */,
			);
			runOnlyForDeploymentPostprocessing = 0;
		};
/* End PBXResourcesBuildPhase section */

/* Begin PBXShellScriptBuildPhase section */
		56ABCD7E5B90D90A8F635CCC /* [CP] Copy Pods Resources */ = {
			isa = PBXShellScriptBuildPhase;
			buildActionMask = 2147483647;
			files = (
			);
			inputPaths = (
			);
			name = "[CP] Copy Pods Resources";
			outputPaths = (
			);
			runOnlyForDeploymentPostprocessing = 0;
			shellPath = /bin/sh;
			shellScript = "\"${SRCROOT}/Pods/Target Support Files/Pods-timeApp-iOS/Pods-timeApp-iOS-resources.sh\"\n";
			showEnvVarsInLog = 0;
		};
		A12C18B1CEC1F591E501B9A0 /* [CP] Embed Pods Frameworks */ = {
			isa = PBXShellScriptBuildPhase;
			buildActionMask = 2147483647;
			files = (
			);
			inputPaths = (
			);
			name = "[CP] Embed Pods Frameworks";
			outputPaths = (
			);
			runOnlyForDeploymentPostprocessing = 0;
			shellPath = /bin/sh;
			shellScript = "\"${SRCROOT}/Pods/Target Support Files/Pods-timeApp-iOS/Pods-timeApp-iOS-frameworks.sh\"\n";
			showEnvVarsInLog = 0;
		};
		A5C4CB0645A0FABAE60F6A3B /* [CP] Check Pods Manifest.lock */ = {
			isa = PBXShellScriptBuildPhase;
			buildActionMask = 2147483647;
			files = (
			);
			inputPaths = (
			);
			name = "[CP] Check Pods Manifest.lock";
			outputPaths = (
			);
			runOnlyForDeploymentPostprocessing = 0;
			shellPath = /bin/sh;
			shellScript = "diff \"${PODS_ROOT}/../Podfile.lock\" \"${PODS_ROOT}/Manifest.lock\" > /dev/null\nif [ $? != 0 ] ; then\n    # print error to STDERR\n    echo \"error: The sandbox is not in sync with the Podfile.lock. Run 'pod install' or update your CocoaPods installation.\" >&2\n    exit 1\nfi\n";
			showEnvVarsInLog = 0;
		};
/* End PBXShellScriptBuildPhase section */

/* Begin PBXSourcesBuildPhase section */
		3B454D771D3F1C8500F13BF4 /* Sources */ = {
			isa = PBXSourcesBuildPhase;
			buildActionMask = 2147483647;
			files = (
				3B454D7F1D3F1C8500F13BF4 /* AppDelegate.swift in Sources */,
				3B454D931D3FDDF900F13BF4 /* TimeClient.swift in Sources */,
				3BD861CF1D47E2270003B763 /* Session.swift in Sources */,
				3B4407731D41B2AD009205BE /* ViewController.swift in Sources */,
				3B5C1FD81D442C0F002064D9 /* LogInViewController.swift in Sources */,
				3B454D911D3F1E4A00F13BF4 /* HomeViewController.swift in Sources */,
			);
			runOnlyForDeploymentPostprocessing = 0;
		};
/* End PBXSourcesBuildPhase section */

/* Begin PBXVariantGroup section */
		3B454D821D3F1C8500F13BF4 /* Main.storyboard */ = {
			isa = PBXVariantGroup;
			children = (
				3B454D831D3F1C8500F13BF4 /* Base */,
			);
			name = Main.storyboard;
			sourceTree = "<group>";
		};
		3B454D871D3F1C8500F13BF4 /* LaunchScreen.storyboard */ = {
			isa = PBXVariantGroup;
			children = (
				3B454D881D3F1C8500F13BF4 /* Base */,
			);
			name = LaunchScreen.storyboard;
			sourceTree = "<group>";
		};
/* End PBXVariantGroup section */

/* Begin XCBuildConfiguration section */
		3B454D8B1D3F1C8500F13BF4 /* Debug */ = {
			isa = XCBuildConfiguration;
			buildSettings = {
				ALWAYS_SEARCH_USER_PATHS = NO;
				CLANG_ANALYZER_NONNULL = YES;
				CLANG_CXX_LANGUAGE_STANDARD = "gnu++0x";
				CLANG_CXX_LIBRARY = "libc++";
				CLANG_ENABLE_MODULES = YES;
				CLANG_ENABLE_OBJC_ARC = YES;
				CLANG_WARN_BOOL_CONVERSION = YES;
				CLANG_WARN_CONSTANT_CONVERSION = YES;
				CLANG_WARN_DIRECT_OBJC_ISA_USAGE = YES_ERROR;
				CLANG_WARN_EMPTY_BODY = YES;
				CLANG_WARN_ENUM_CONVERSION = YES;
				CLANG_WARN_INT_CONVERSION = YES;
				CLANG_WARN_OBJC_ROOT_CLASS = YES_ERROR;
				CLANG_WARN_UNREACHABLE_CODE = YES;
				CLANG_WARN__DUPLICATE_METHOD_MATCH = YES;
				"CODE_SIGN_IDENTITY[sdk=iphoneos*]" = "iPhone Developer";
				COPY_PHASE_STRIP = NO;
				DEBUG_INFORMATION_FORMAT = dwarf;
				ENABLE_STRICT_OBJC_MSGSEND = YES;
				ENABLE_TESTABILITY = YES;
				GCC_C_LANGUAGE_STANDARD = gnu99;
				GCC_DYNAMIC_NO_PIC = NO;
				GCC_NO_COMMON_BLOCKS = YES;
				GCC_OPTIMIZATION_LEVEL = 0;
				GCC_PREPROCESSOR_DEFINITIONS = (
					"DEBUG=1",
					"$(inherited)",
				);
				GCC_WARN_64_TO_32_BIT_CONVERSION = YES;
				GCC_WARN_ABOUT_RETURN_TYPE = YES_ERROR;
				GCC_WARN_UNDECLARED_SELECTOR = YES;
				GCC_WARN_UNINITIALIZED_AUTOS = YES_AGGRESSIVE;
				GCC_WARN_UNUSED_FUNCTION = YES;
				GCC_WARN_UNUSED_VARIABLE = YES;
				IPHONEOS_DEPLOYMENT_TARGET = 9.3;
				MTL_ENABLE_DEBUG_INFO = YES;
				ONLY_ACTIVE_ARCH = YES;
				SDKROOT = iphoneos;
				SWIFT_OPTIMIZATION_LEVEL = "-Onone";
			};
			name = Debug;
		};
		3B454D8C1D3F1C8500F13BF4 /* Release */ = {
			isa = XCBuildConfiguration;
			buildSettings = {
				ALWAYS_SEARCH_USER_PATHS = NO;
				CLANG_ANALYZER_NONNULL = YES;
				CLANG_CXX_LANGUAGE_STANDARD = "gnu++0x";
				CLANG_CXX_LIBRARY = "libc++";
				CLANG_ENABLE_MODULES = YES;
				CLANG_ENABLE_OBJC_ARC = YES;
				CLANG_WARN_BOOL_CONVERSION = YES;
				CLANG_WARN_CONSTANT_CONVERSION = YES;
				CLANG_WARN_DIRECT_OBJC_ISA_USAGE = YES_ERROR;
				CLANG_WARN_EMPTY_BODY = YES;
				CLANG_WARN_ENUM_CONVERSION = YES;
				CLANG_WARN_INT_CONVERSION = YES;
				CLANG_WARN_OBJC_ROOT_CLASS = YES_ERROR;
				CLANG_WARN_UNREACHABLE_CODE = YES;
				CLANG_WARN__DUPLICATE_METHOD_MATCH = YES;
				"CODE_SIGN_IDENTITY[sdk=iphoneos*]" = "iPhone Developer";
				COPY_PHASE_STRIP = NO;
				DEBUG_INFORMATION_FORMAT = "dwarf-with-dsym";
				ENABLE_NS_ASSERTIONS = NO;
				ENABLE_STRICT_OBJC_MSGSEND = YES;
				GCC_C_LANGUAGE_STANDARD = gnu99;
				GCC_NO_COMMON_BLOCKS = YES;
				GCC_WARN_64_TO_32_BIT_CONVERSION = YES;
				GCC_WARN_ABOUT_RETURN_TYPE = YES_ERROR;
				GCC_WARN_UNDECLARED_SELECTOR = YES;
				GCC_WARN_UNINITIALIZED_AUTOS = YES_AGGRESSIVE;
				GCC_WARN_UNUSED_FUNCTION = YES;
				GCC_WARN_UNUSED_VARIABLE = YES;
				IPHONEOS_DEPLOYMENT_TARGET = 9.3;
				MTL_ENABLE_DEBUG_INFO = NO;
				SDKROOT = iphoneos;
				VALIDATE_PRODUCT = YES;
			};
			name = Release;
		};
		3B454D8E1D3F1C8500F13BF4 /* Debug */ = {
			isa = XCBuildConfiguration;
			baseConfigurationReference = 6401581F28F7D9D51E97AD97 /* Pods-timeApp-iOS.debug.xcconfig */;
			buildSettings = {
				ASSETCATALOG_COMPILER_APPICON_NAME = AppIcon;
				CODE_SIGN_IDENTITY = "iPhone Developer";
				"CODE_SIGN_IDENTITY[sdk=iphoneos*]" = "iPhone Developer";
				INFOPLIST_FILE = "timeApp-iOS/Info.plist";
				IPHONEOS_DEPLOYMENT_TARGET = 9.2;
				LD_RUNPATH_SEARCH_PATHS = "$(inherited) @executable_path/Frameworks";
				PRODUCT_BUNDLE_IDENTIFIER = "com.kanic.timeApp-iOS";
				PRODUCT_NAME = "$(TARGET_NAME)";
				PROVISIONING_PROFILE = "";
				TARGETED_DEVICE_FAMILY = "1,2";
			};
			name = Debug;
		};
		3B454D8F1D3F1C8500F13BF4 /* Release */ = {
			isa = XCBuildConfiguration;
			baseConfigurationReference = 082965A789F0C4689B273555 /* Pods-timeApp-iOS.release.xcconfig */;
			buildSettings = {
				ASSETCATALOG_COMPILER_APPICON_NAME = AppIcon;
				CODE_SIGN_IDENTITY = "iPhone Developer";
				"CODE_SIGN_IDENTITY[sdk=iphoneos*]" = "iPhone Developer";
				INFOPLIST_FILE = "timeApp-iOS/Info.plist";
				IPHONEOS_DEPLOYMENT_TARGET = 9.2;
				LD_RUNPATH_SEARCH_PATHS = "$(inherited) @executable_path/Frameworks";
				PRODUCT_BUNDLE_IDENTIFIER = "com.kanic.timeApp-iOS";
				PRODUCT_NAME = "$(TARGET_NAME)";
				PROVISIONING_PROFILE = "";
				TARGETED_DEVICE_FAMILY = "1,2";
			};
			name = Release;
		};
/* End XCBuildConfiguration section */

/* Begin XCConfigurationList section */
		3B454D761D3F1C8500F13BF4 /* Build configuration list for PBXProject "timeApp-iOS" */ = {
			isa = XCConfigurationList;
			buildConfigurations = (
				3B454D8B1D3F1C8500F13BF4 /* Debug */,
				3B454D8C1D3F1C8500F13BF4 /* Release */,
			);
			defaultConfigurationIsVisible = 0;
			defaultConfigurationName = Release;
		};
		3B454D8D1D3F1C8500F13BF4 /* Build configuration list for PBXNativeTarget "timeApp-iOS" */ = {
			isa = XCConfigurationList;
			buildConfigurations = (
				3B454D8E1D3F1C8500F13BF4 /* Debug */,
				3B454D8F1D3F1C8500F13BF4 /* Release */,
			);
			defaultConfigurationIsVisible = 0;
			defaultConfigurationName = Release;
		};
/* End XCConfigurationList section */
	};
	rootObject = 3B454D731D3F1C8500F13BF4 /* Project object */;
}
