PODS:
  - Alamofire (3.4.1)
  - KeychainAccess (2.3.6)
  - MBProgressHUD (0.9.2)

DEPENDENCIES:
  - Alamofire (~> 3.4.1)
  - KeychainAccess (~> 2.3.5)
  - MBProgressHUD (~> 0.9.2)

SPEC CHECKSUMS:
  Alamofire: 01a82e2f6c0f860ade35534c8dd88be61bdef40c
  KeychainAccess: 7f10e2ef998ddf954a64d5d608be08677774684d
  MBProgressHUD: 1569cf7ace17a8bac47aabfbb8580a49690386d1

PODFILE CHECKSUM: 3ddf4e6e0d9c9e065d3049f94bba74df4546faa3

COCOAPODS: 1.1.0.beta.1
